
Microsoft Visual Studio Solution File, Format Version 12.00
# Visual Studio Version 16
VisualStudioVersion = 16.0.29509.3
MinimumVisualStudioVersion = 10.0.40219.1
Project("{FAE04EC0-301F-11D3-BF4B-00C04F79EFBC}") = "WebApiCallTest", "WebApiCallTest.csproj", "{4EEC6EC0-3E48-48A1-B267-66CC41E4C1B4}"
EndProject
Global
	GlobalSection(SolutionConfigurationPlatforms) = preSolution
		Debug|Any CPU = Debug|Any CPU
		Release|Any CPU = Release|Any CPU
	EndGlobalSection
	GlobalSection(ProjectConfigurationPlatforms) = postSolution
		{4EEC6EC0-3E48-48A1-B267-66CC41E4C1B4}.Debug|Any CPU.ActiveCfg = Debug|Any CPU
		{4EEC6EC0-3E48-48A1-B267-66CC41E4C1B4}.Debug|Any CPU.Build.0 = Debug|Any CPU
		{4EEC6EC0-3E48-48A1-B267-66CC41E4C1B4}.Release|Any CPU.ActiveCfg = Release|Any CPU
		{4EEC6EC0-3E48-48A1-B267-66CC41E4C1B4}.Release|Any CPU.Build.0 = Release|Any CPU
	EndGlobalSection
	GlobalSection(SolutionProperties) = preSolution
		HideSolutionNode = FALSE
	EndGlobalSection
	GlobalSection(ExtensibilityGlobals) = postSolution
		SolutionGuid = {7165BB04-3023-4E89-89A0-8C1C073B5328}
	EndGlobalSection
EndGlobal
